
Microsoft Visual Studio Solution File, Format Version 12.00
# Visual Studio 2013
VisualStudioVersion = 12.0.40629.0
MinimumVisualStudioVersion = 10.0.40219.1
Project("{888888A0-9F3D-457C-B088-3A5042F75D52}") = "150916Python", "150916\150916Python.pyproj", "{8D2D10A1-D7F1-4AF6-BA97-4C52B5E3ED96}"
EndProject
Global
	GlobalSection(SolutionConfigurationPlatforms) = preSolution
		Debug|Any CPU = Debug|Any CPU
		Release|Any CPU = Release|Any CPU
	EndGlobalSection
	GlobalSection(ProjectConfigurationPlatforms) = postSolution
		{8D2D10A1-D7F1-4AF6-BA97-4C52B5E3ED96}.Debug|Any CPU.ActiveCfg = Debug|Any CPU
		{8D2D10A1-D7F1-4AF6-BA97-4C52B5E3ED96}.Release|Any CPU.ActiveCfg = Release|Any CPU
	EndGlobalSection
	GlobalSection(SolutionProperties) = preSolution
		HideSolutionNode = FALSE
	EndGlobalSection
EndGlobal
